
Microsoft Visual Studio Solution File, Format Version 10.00
# Visual Studio 2008
Project("{FAE04EC0-301F-11D3-BF4B-00C04F79EFBC}") = "EchoService", "EchoService.csproj", "{105AABB1-25BF-4E7D-8636-87F54F6A0E52}"
EndProject
Global
	GlobalSection(SolutionConfigurationPlatforms) = preSolution
		Debug|Any CPU = Debug|Any CPU
		Release|Any CPU = Release|Any CPU
	EndGlobalSection
	GlobalSection(ProjectConfigurationPlatforms) = postSolution
		{105AABB1-25BF-4E7D-8636-87F54F6A0E52}.Debug|Any CPU.ActiveCfg = Debug|Any CPU
		{105AABB1-25BF-4E7D-8636-87F54F6A0E52}.Debug|Any CPU.Build.0 = Debug|Any CPU
		{105AABB1-25BF-4E7D-8636-87F54F6A0E52}.Release|Any CPU.ActiveCfg = Release|Any CPU
		{105AABB1-25BF-4E7D-8636-87F54F6A0E52}.Release|Any CPU.Build.0 = Release|Any CPU
	EndGlobalSection
	GlobalSection(SolutionProperties) = preSolution
		HideSolutionNode = FALSE
	EndGlobalSection
EndGlobal
